
Microsoft Visual Studio Solution File, Format Version 12.00
# Visual Studio 15
VisualStudioVersion = 15.0.28010.2050
MinimumVisualStudioVersion = 10.0.40219.1
Project("{9A19103F-16F7-4668-BE54-9A1E7A4F7556}") = "DataGenerator", "DataGenerator\DataGenerator.csproj", "{19C75417-91E3-4699-81EF-93BF39CCC68A}"
EndProject
Project("{9A19103F-16F7-4668-BE54-9A1E7A4F7556}") = "DataParser", "DataParser\DataParser.csproj", "{FF859313-CB50-4411-B81F-CBE8A61194F3}"
EndProject
Project("{9A19103F-16F7-4668-BE54-9A1E7A4F7556}") = "ColorsExcelParser", "ColorsExcelParser\ColorsExcelParser.csproj", "{8CCAB631-DB7B-42A9-8796-E7141A973580}"
EndProject
Project("{9A19103F-16F7-4668-BE54-9A1E7A4F7556}") = "CommonLibraries", "..\..\Server\CommonLibraries\CommonLibraries\CommonLibraries.csproj", "{EAD25123-6990-4260-80C5-CD4AEBB84DE9}"
EndProject
Project("{FAE04EC0-301F-11D3-BF4B-00C04F79EFBC}") = "MainConsole", "MainConsole\MainConsole.csproj", "{DFB9F842-56FB-47F6-8626-338B686E1523}"
EndProject
Global
	GlobalSection(SolutionConfigurationPlatforms) = preSolution
		Debug|Any CPU = Debug|Any CPU
		Release|Any CPU = Release|Any CPU
	EndGlobalSection
	GlobalSection(ProjectConfigurationPlatforms) = postSolution
		{19C75417-91E3-4699-81EF-93BF39CCC68A}.Debug|Any CPU.ActiveCfg = Debug|Any CPU
		{19C75417-91E3-4699-81EF-93BF39CCC68A}.Debug|Any CPU.Build.0 = Debug|Any CPU
		{19C75417-91E3-4699-81EF-93BF39CCC68A}.Release|Any CPU.ActiveCfg = Release|Any CPU
		{19C75417-91E3-4699-81EF-93BF39CCC68A}.Release|Any CPU.Build.0 = Release|Any CPU
		{FF859313-CB50-4411-B81F-CBE8A61194F3}.Debug|Any CPU.ActiveCfg = Debug|Any CPU
		{FF859313-CB50-4411-B81F-CBE8A61194F3}.Debug|Any CPU.Build.0 = Debug|Any CPU
		{FF859313-CB50-4411-B81F-CBE8A61194F3}.Release|Any CPU.ActiveCfg = Release|Any CPU
		{FF859313-CB50-4411-B81F-CBE8A61194F3}.Release|Any CPU.Build.0 = Release|Any CPU
		{8CCAB631-DB7B-42A9-8796-E7141A973580}.Debug|Any CPU.ActiveCfg = Debug|Any CPU
		{8CCAB631-DB7B-42A9-8796-E7141A973580}.Debug|Any CPU.Build.0 = Debug|Any CPU
		{8CCAB631-DB7B-42A9-8796-E7141A973580}.Release|Any CPU.ActiveCfg = Release|Any CPU
		{8CCAB631-DB7B-42A9-8796-E7141A973580}.Release|Any CPU.Build.0 = Release|Any CPU
		{EAD25123-6990-4260-80C5-CD4AEBB84DE9}.Debug|Any CPU.ActiveCfg = Debug|Any CPU
		{EAD25123-6990-4260-80C5-CD4AEBB84DE9}.Debug|Any CPU.Build.0 = Debug|Any CPU
		{EAD25123-6990-4260-80C5-CD4AEBB84DE9}.Release|Any CPU.ActiveCfg = Release|Any CPU
		{EAD25123-6990-4260-80C5-CD4AEBB84DE9}.Release|Any CPU.Build.0 = Release|Any CPU
		{DFB9F842-56FB-47F6-8626-338B686E1523}.Debug|Any CPU.ActiveCfg = Debug|Any CPU
		{DFB9F842-56FB-47F6-8626-338B686E1523}.Debug|Any CPU.Build.0 = Debug|Any CPU
		{DFB9F842-56FB-47F6-8626-338B686E1523}.Release|Any CPU.ActiveCfg = Release|Any CPU
		{DFB9F842-56FB-47F6-8626-338B686E1523}.Release|Any CPU.Build.0 = Release|Any CPU
	EndGlobalSection
	GlobalSection(SolutionProperties) = preSolution
		HideSolutionNode = FALSE
	EndGlobalSection
	GlobalSection(ExtensibilityGlobals) = postSolution
		SolutionGuid = {E452570B-7E64-4EE0-A82D-6D4AAE77D0B8}
	EndGlobalSection
EndGlobal
